<?xml version="1.0" encoding="utf-8"?>
<Project ToolsVersion="4.0" xmlns="http://schemas.microsoft.com/developer/msbuild/2003">
  <ItemGroup>
    <Filter Include="engine">
      <UniqueIdentifier>{FBDB78FB-E77D-A3D1-D038-B725BC792A22}</UniqueIdentifier>
    </Filter>
    <Filter Include="engine\event">
      <UniqueIdentifier>{AC3DD3B5-98A0-625A-4126-9B102D682EDD}</UniqueIdentifier>
    </Filter>
    <Filter Include="engine\platform">
      <UniqueIdentifier>{CF5EE486-3BEA-514B-44FB-D43FB005AE4B}</UniqueIdentifier>
    </Filter>
  </ItemGroup>
  <ItemGroup>
    <ClInclude Include="src\Kuro.h" />
    <ClInclude Include="src\engine\Application.h">
      <Filter>engine</Filter>
    </ClInclude>
    <ClInclude Include="src\engine\Core.h">
      <Filter>engine</Filter>
    </ClInclude>
    <ClInclude Include="src\engine\EntryPoint.h">
      <Filter>engine</Filter>
    </ClInclude>
    <ClInclude Include="src\engine\Log.h">
      <Filter>engine</Filter>
    </ClInclude>
    <ClInclude Include="src\engine\Window.h">
      <Filter>engine</Filter>
    </ClInclude>
    <ClInclude Include="src\engine\event\ApplicationEvent.h">
      <Filter>engine\event</Filter>
    </ClInclude>
    <ClInclude Include="src\engine\event\Event.h">
      <Filter>engine\event</Filter>
    </ClInclude>
    <ClInclude Include="src\engine\event\KeyEvent.h">
      <Filter>engine\event</Filter>
    </ClInclude>
    <ClInclude Include="src\engine\event\MouseEvent.h">
      <Filter>engine\event</Filter>
    </ClInclude>
    <ClInclude Include="src\engine\platform\WindowsWindow.h">
      <Filter>engine\platform</Filter>
    </ClInclude>
    <ClInclude Include="src\engineph.h" />
  </ItemGroup>
  <ItemGroup>
    <ClCompile Include="src\engine\Application.cpp">
      <Filter>engine</Filter>
    </ClCompile>
    <ClCompile Include="src\engine\Log.cpp">
      <Filter>engine</Filter>
    </ClCompile>
    <ClCompile Include="src\engine\platform\WindowsWindow.cpp">
      <Filter>engine\platform</Filter>
    </ClCompile>
    <ClCompile Include="src\engineph.cpp" />
  </ItemGroup>
</Project>